// !$*UTF8*$!
{
	archiveVersion = 1;
	classes = {
	};
	objectVersion = 77;
	objects = {

/* Begin PBXBuildFile section */
		4B9021AC253DF06732A2C3D9 /* libPods-EffectiveMobileTaskTests.a in Frameworks */ = {isa = PBXBuildFile; fileRef = 6588E78BB8B7A6709269349F /* libPods-EffectiveMobileTaskTests.a */; };
		9D6A1E749B07D1B102D962E0 /* libPods-EffectiveMobileTask.a in Frameworks */ = {isa = PBXBuildFile; fileRef = 63C62C612D4D3DEC30AD8238 /* libPods-EffectiveMobileTask.a */; };
/* End PBXBuildFile section */

/* Begin PBXContainerItemProxy section */
		374AF51E2D4328EC00A55FFE /* PBXContainerItemProxy */ = {
			isa = PBXContainerItemProxy;
			containerPortal = 374AF4FC2D4328EB00A55FFE /* Project object */;
			proxyType = 1;
			remoteGlobalIDString = 374AF5032D4328EB00A55FFE;
			remoteInfo = EffectiveMobileTask;
		};
/* End PBXContainerItemProxy section */

/* Begin PBXFileReference section */
		0DABAE4FA14C07A8BE1AF4AC /* Pods-EffectiveMobileTaskTests.release.xcconfig */ = {isa = PBXFileReference; includeInIndex = 1; lastKnownFileType = text.xcconfig; name = "Pods-EffectiveMobileTaskTests.release.xcconfig"; path = "Target Support Files/Pods-EffectiveMobileTaskTests/Pods-EffectiveMobileTaskTests.release.xcconfig"; sourceTree = "<group>"; };
		144CC64289EBC4D4EB75D6BC /* libPods-EffectiveMobileTask-EffectiveMobileTaskUITests.a */ = {isa = PBXFileReference; explicitFileType = archive.ar; includeInIndex = 0; path = "libPods-EffectiveMobileTask-EffectiveMobileTaskUITests.a"; sourceTree = BUILT_PRODUCTS_DIR; };
		374AF5042D4328EB00A55FFE /* EffectiveMobileTask.app */ = {isa = PBXFileReference; explicitFileType = wrapper.application; includeInIndex = 0; path = EffectiveMobileTask.app; sourceTree = BUILT_PRODUCTS_DIR; };
		374AF51D2D4328EC00A55FFE /* EffectiveMobileTaskTests.xctest */ = {isa = PBXFileReference; explicitFileType = wrapper.cfbundle; includeInIndex = 0; path = EffectiveMobileTaskTests.xctest; sourceTree = BUILT_PRODUCTS_DIR; };
		42E23B078AE44FF0277C6A59 /* Pods-EffectiveMobileTaskTests.debug.xcconfig */ = {isa = PBXFileReference; includeInIndex = 1; lastKnownFileType = text.xcconfig; name = "Pods-EffectiveMobileTaskTests.debug.xcconfig"; path = "Target Support Files/Pods-EffectiveMobileTaskTests/Pods-EffectiveMobileTaskTests.debug.xcconfig"; sourceTree = "<group>"; };
		48E8174DF90C663E82745F18 /* Pods-EffectiveMobileTask-EffectiveMobileTaskUITests.release.xcconfig */ = {isa = PBXFileReference; includeInIndex = 1; lastKnownFileType = text.xcconfig; name = "Pods-EffectiveMobileTask-EffectiveMobileTaskUITests.release.xcconfig"; path = "Target Support Files/Pods-EffectiveMobileTask-EffectiveMobileTaskUITests/Pods-EffectiveMobileTask-EffectiveMobileTaskUITests.release.xcconfig"; sourceTree = "<group>"; };
		4DDAF3F736A16CF2F7C69A5E /* Pods-EffectiveMobileTask.release.xcconfig */ = {isa = PBXFileReference; includeInIndex = 1; lastKnownFileType = text.xcconfig; name = "Pods-EffectiveMobileTask.release.xcconfig"; path = "Target Support Files/Pods-EffectiveMobileTask/Pods-EffectiveMobileTask.release.xcconfig"; sourceTree = "<group>"; };
		63C62C612D4D3DEC30AD8238 /* libPods-EffectiveMobileTask.a */ = {isa = PBXFileReference; explicitFileType = archive.ar; includeInIndex = 0; path = "libPods-EffectiveMobileTask.a"; sourceTree = BUILT_PRODUCTS_DIR; };
		6588E78BB8B7A6709269349F /* libPods-EffectiveMobileTaskTests.a */ = {isa = PBXFileReference; explicitFileType = archive.ar; includeInIndex = 0; path = "libPods-EffectiveMobileTaskTests.a"; sourceTree = BUILT_PRODUCTS_DIR; };
		AB33332D09006922FD1C5F1C /* Pods-EffectiveMobileTask-EffectiveMobileTaskUITests.debug.xcconfig */ = {isa = PBXFileReference; includeInIndex = 1; lastKnownFileType = text.xcconfig; name = "Pods-EffectiveMobileTask-EffectiveMobileTaskUITests.debug.xcconfig"; path = "Target Support Files/Pods-EffectiveMobileTask-EffectiveMobileTaskUITests/Pods-EffectiveMobileTask-EffectiveMobileTaskUITests.debug.xcconfig"; sourceTree = "<group>"; };
		F3703D4A4EB686DAE6E8D73D /* Pods-EffectiveMobileTask.debug.xcconfig */ = {isa = PBXFileReference; includeInIndex = 1; lastKnownFileType = text.xcconfig; name = "Pods-EffectiveMobileTask.debug.xcconfig"; path = "Target Support Files/Pods-EffectiveMobileTask/Pods-EffectiveMobileTask.debug.xcconfig"; sourceTree = "<group>"; };
/* End PBXFileReference section */

/* Begin PBXFileSystemSynchronizedBuildFileExceptionSet section */
		374AF52F2D4328EC00A55FFE /* Exceptions for "EffectiveMobileTask" folder in "EffectiveMobileTask" target */ = {
			isa = PBXFileSystemSynchronizedBuildFileExceptionSet;
			membershipExceptions = (
				Info.plist,
			);
			target = 374AF5032D4328EB00A55FFE /* EffectiveMobileTask */;
		};
/* End PBXFileSystemSynchronizedBuildFileExceptionSet section */

/* Begin PBXFileSystemSynchronizedRootGroup section */
		374AF5062D4328EB00A55FFE /* EffectiveMobileTask */ = {
			isa = PBXFileSystemSynchronizedRootGroup;
			exceptions = (
				374AF52F2D4328EC00A55FFE /* Exceptions for "EffectiveMobileTask" folder in "EffectiveMobileTask" target */,
			);
			path = EffectiveMobileTask;
			sourceTree = "<group>";
		};
		374AF5202D4328EC00A55FFE /* EffectiveMobileTaskTests */ = {
			isa = PBXFileSystemSynchronizedRootGroup;
			path = EffectiveMobileTaskTests;
			sourceTree = "<group>";
		};
		374AF52A2D4328EC00A55FFE /* EffectiveMobileTaskUITests */ = {
			isa = PBXFileSystemSynchronizedRootGroup;
			path = EffectiveMobileTaskUITests;
			sourceTree = "<group>";
		};
/* End PBXFileSystemSynchronizedRootGroup section */

/* Begin PBXFrameworksBuildPhase section */
		374AF5012D4328EB00A55FFE /* Frameworks */ = {
			isa = PBXFrameworksBuildPhase;
			buildActionMask = 2147483647;
			files = (
				9D6A1E749B07D1B102D962E0 /* libPods-EffectiveMobileTask.a in Frameworks */,
			);
			runOnlyForDeploymentPostprocessing = 0;
		};
		374AF51A2D4328EC00A55FFE /* Frameworks */ = {
			isa = PBXFrameworksBuildPhase;
			buildActionMask = 2147483647;
			files = (
				4B9021AC253DF06732A2C3D9 /* libPods-EffectiveMobileTaskTests.a in Frameworks */,
			);
			runOnlyForDeploymentPostprocessing = 0;
		};
/* End PBXFrameworksBuildPhase section */

/* Begin PBXGroup section */
		374AF4FB2D4328EB00A55FFE = {
			isa = PBXGroup;
			children = (
				374AF5062D4328EB00A55FFE /* EffectiveMobileTask */,
				374AF5202D4328EC00A55FFE /* EffectiveMobileTaskTests */,
				374AF52A2D4328EC00A55FFE /* EffectiveMobileTaskUITests */,
				374AF5052D4328EB00A55FFE /* Products */,
				9FCBE2D75A3FACFD0B6B2C75 /* Pods */,
				46D40C1F6D644E72958F23FE /* Frameworks */,
			);
			sourceTree = "<group>";
		};
		374AF5052D4328EB00A55FFE /* Products */ = {
			isa = PBXGroup;
			children = (
				374AF5042D4328EB00A55FFE /* EffectiveMobileTask.app */,
				374AF51D2D4328EC00A55FFE /* EffectiveMobileTaskTests.xctest */,
			);
			name = Products;
			sourceTree = "<group>";
		};
		46D40C1F6D644E72958F23FE /* Frameworks */ = {
			isa = PBXGroup;
			children = (
				63C62C612D4D3DEC30AD8238 /* libPods-EffectiveMobileTask.a */,
				144CC64289EBC4D4EB75D6BC /* libPods-EffectiveMobileTask-EffectiveMobileTaskUITests.a */,
				6588E78BB8B7A6709269349F /* libPods-EffectiveMobileTaskTests.a */,
			);
			name = Frameworks;
			sourceTree = "<group>";
		};
		9FCBE2D75A3FACFD0B6B2C75 /* Pods */ = {
			isa = PBXGroup;
			children = (
				F3703D4A4EB686DAE6E8D73D /* Pods-EffectiveMobileTask.debug.xcconfig */,
				4DDAF3F736A16CF2F7C69A5E /* Pods-EffectiveMobileTask.release.xcconfig */,
				AB33332D09006922FD1C5F1C /* Pods-EffectiveMobileTask-EffectiveMobileTaskUITests.debug.xcconfig */,
				48E8174DF90C663E82745F18 /* Pods-EffectiveMobileTask-EffectiveMobileTaskUITests.release.xcconfig */,
				42E23B078AE44FF0277C6A59 /* Pods-EffectiveMobileTaskTests.debug.xcconfig */,
				0DABAE4FA14C07A8BE1AF4AC /* Pods-EffectiveMobileTaskTests.release.xcconfig */,
			);
			path = Pods;
			sourceTree = "<group>";
		};
/* End PBXGroup section */

/* Begin PBXNativeTarget section */
		374AF5032D4328EB00A55FFE /* EffectiveMobileTask */ = {
			isa = PBXNativeTarget;
			buildConfigurationList = 374AF5302D4328EC00A55FFE /* Build configuration list for PBXNativeTarget "EffectiveMobileTask" */;
			buildPhases = (
				3245AE9D080DE74C4288CE99 /* [CP] Check Pods Manifest.lock */,
				374AF5002D4328EB00A55FFE /* Sources */,
				374AF5012D4328EB00A55FFE /* Frameworks */,
				374AF5022D4328EB00A55FFE /* Resources */,
				784BCD7C4BBF5FEFADD9196F /* [CP] Copy Pods Resources */,
			);
			buildRules = (
			);
			dependencies = (
			);
			fileSystemSynchronizedGroups = (
				374AF5062D4328EB00A55FFE /* EffectiveMobileTask */,
			);
			name = EffectiveMobileTask;
			productName = EffectiveMobileTask;
			productReference = 374AF5042D4328EB00A55FFE /* EffectiveMobileTask.app */;
			productType = "com.apple.product-type.application";
		};
		374AF51C2D4328EC00A55FFE /* EffectiveMobileTaskTests */ = {
			isa = PBXNativeTarget;
			buildConfigurationList = 374AF5352D4328EC00A55FFE /* Build configuration list for PBXNativeTarget "EffectiveMobileTaskTests" */;
			buildPhases = (
				2BAAEE24FF786EF042C2229C /* [CP] Check Pods Manifest.lock */,
				374AF5192D4328EC00A55FFE /* Sources */,
				374AF51A2D4328EC00A55FFE /* Frameworks */,
				374AF51B2D4328EC00A55FFE /* Resources */,
			);
			buildRules = (
			);
			dependencies = (
				374AF51F2D4328EC00A55FFE /* PBXTargetDependency */,
			);
			fileSystemSynchronizedGroups = (
				374AF5202D4328EC00A55FFE /* EffectiveMobileTaskTests */,
			);
			name = EffectiveMobileTaskTests;
			productName = EffectiveMobileTaskTests;
			productReference = 374AF51D2D4328EC00A55FFE /* EffectiveMobileTaskTests.xctest */;
			productType = "com.apple.product-type.bundle.unit-test";
		};
/* End PBXNativeTarget section */

/* Begin PBXProject section */
		374AF4FC2D4328EB00A55FFE /* Project object */ = {
			isa = PBXProject;
			attributes = {
				BuildIndependentTargetsInParallel = 1;
				LastSwiftUpdateCheck = 1620;
				LastUpgradeCheck = 1620;
				TargetAttributes = {
					374AF5032D4328EB00A55FFE = {
						CreatedOnToolsVersion = 16.2;
					};
					374AF51C2D4328EC00A55FFE = {
						CreatedOnToolsVersion = 16.2;
						TestTargetID = 374AF5032D4328EB00A55FFE;
					};
				};
			};
			buildConfigurationList = 374AF4FF2D4328EB00A55FFE /* Build configuration list for PBXProject "EffectiveMobileTask" */;
			developmentRegion = en;
			hasScannedForEncodings = 0;
			knownRegions = (
				en,
				Base,
			);
			mainGroup = 374AF4FB2D4328EB00A55FFE;
			minimizedProjectReferenceProxies = 1;
			preferredProjectObjectVersion = 77;
			productRefGroup = 374AF5052D4328EB00A55FFE /* Products */;
			projectDirPath = "";
			projectRoot = "";
			targets = (
				374AF5032D4328EB00A55FFE /* EffectiveMobileTask */,
				374AF51C2D4328EC00A55FFE /* EffectiveMobileTaskTests */,
			);
		};
/* End PBXProject section */

/* Begin PBXResourcesBuildPhase section */
		374AF5022D4328EB00A55FFE /* Resources */ = {
			isa = PBXResourcesBuildPhase;
			buildActionMask = 2147483647;
			files = (
			);
			runOnlyForDeploymentPostprocessing = 0;
		};
		374AF51B2D4328EC00A55FFE /* Resources */ = {
			isa = PBXResourcesBuildPhase;
			buildActionMask = 2147483647;
			files = (
			);
			runOnlyForDeploymentPostprocessing = 0;
		};
/* End PBXResourcesBuildPhase section */

/* Begin PBXShellScriptBuildPhase section */
		2BAAEE24FF786EF042C2229C /* [CP] Check Pods Manifest.lock */ = {
			isa = PBXShellScriptBuildPhase;
			buildActionMask = 2147483647;
			files = (
			);
			inputFileListPaths = (
			);
			inputPaths = (
				"${PODS_PODFILE_DIR_PATH}/Podfile.lock",
				"${PODS_ROOT}/Manifest.lock",
			);
			name = "[CP] Check Pods Manifest.lock";
			outputFileListPaths = (
			);
			outputPaths = (
				"$(DERIVED_FILE_DIR)/Pods-EffectiveMobileTaskTests-checkManifestLockResult.txt",
			);
			runOnlyForDeploymentPostprocessing = 0;
			shellPath = /bin/sh;
			shellScript = "diff \"${PODS_PODFILE_DIR_PATH}/Podfile.lock\" \"${PODS_ROOT}/Manifest.lock\" > /dev/null\nif [ $? != 0 ] ; then\n    # print error to STDERR\n    echo \"error: The sandbox is not in sync with the Podfile.lock. Run 'pod install' or update your CocoaPods installation.\" >&2\n    exit 1\nfi\n# This output is used by Xcode 'outputs' to avoid re-running this script phase.\necho \"SUCCESS\" > \"${SCRIPT_OUTPUT_FILE_0}\"\n";
			showEnvVarsInLog = 0;
		};
		3245AE9D080DE74C4288CE99 /* [CP] Check Pods Manifest.lock */ = {
			isa = PBXShellScriptBuildPhase;
			buildActionMask = 2147483647;
			files = (
			);
			inputFileListPaths = (
			);
			inputPaths = (
				"${PODS_PODFILE_DIR_PATH}/Podfile.lock",
				"${PODS_ROOT}/Manifest.lock",
			);
			name = "[CP] Check Pods Manifest.lock";
			outputFileListPaths = (
			);
			outputPaths = (
				"$(DERIVED_FILE_DIR)/Pods-EffectiveMobileTask-checkManifestLockResult.txt",
			);
			runOnlyForDeploymentPostprocessing = 0;
			shellPath = /bin/sh;
			shellScript = "diff \"${PODS_PODFILE_DIR_PATH}/Podfile.lock\" \"${PODS_ROOT}/Manifest.lock\" > /dev/null\nif [ $? != 0 ] ; then\n    # print error to STDERR\n    echo \"error: The sandbox is not in sync with the Podfile.lock. Run 'pod install' or update your CocoaPods installation.\" >&2\n    exit 1\nfi\n# This output is used by Xcode 'outputs' to avoid re-running this script phase.\necho \"SUCCESS\" > \"${SCRIPT_OUTPUT_FILE_0}\"\n";
			showEnvVarsInLog = 0;
		};
		784BCD7C4BBF5FEFADD9196F /* [CP] Copy Pods Resources */ = {
			isa = PBXShellScriptBuildPhase;
			buildActionMask = 2147483647;
			files = (
			);
			inputFileListPaths = (
				"${PODS_ROOT}/Target Support Files/Pods-EffectiveMobileTask/Pods-EffectiveMobileTask-resources-${CONFIGURATION}-input-files.xcfilelist",
			);
			name = "[CP] Copy Pods Resources";
			outputFileListPaths = (
				"${PODS_ROOT}/Target Support Files/Pods-EffectiveMobileTask/Pods-EffectiveMobileTask-resources-${CONFIGURATION}-output-files.xcfilelist",
			);
			runOnlyForDeploymentPostprocessing = 0;
			shellPath = /bin/sh;
			shellScript = "\"${PODS_ROOT}/Target Support Files/Pods-EffectiveMobileTask/Pods-EffectiveMobileTask-resources.sh\"\n";
			showEnvVarsInLog = 0;
		};
/* End PBXShellScriptBuildPhase section */

/* Begin PBXSourcesBuildPhase section */
		374AF5002D4328EB00A55FFE /* Sources */ = {
			isa = PBXSourcesBuildPhase;
			buildActionMask = 2147483647;
			files = (
			);
			runOnlyForDeploymentPostprocessing = 0;
		};
		374AF5192D4328EC00A55FFE /* Sources */ = {
			isa = PBXSourcesBuildPhase;
			buildActionMask = 2147483647;
			files = (
			);
			runOnlyForDeploymentPostprocessing = 0;
		};
/* End PBXSourcesBuildPhase section */

/* Begin PBXTargetDependency section */
		374AF51F2D4328EC00A55FFE /* PBXTargetDependency */ = {
			isa = PBXTargetDependency;
			target = 374AF5032D4328EB00A55FFE /* EffectiveMobileTask */;
			targetProxy = 374AF51E2D4328EC00A55FFE /* PBXContainerItemProxy */;
		};
/* End PBXTargetDependency section */

/* Begin XCBuildConfiguration section */
		374AF5312D4328EC00A55FFE /* Debug */ = {
			isa = XCBuildConfiguration;
			baseConfigurationReference = F3703D4A4EB686DAE6E8D73D /* Pods-EffectiveMobileTask.debug.xcconfig */;
			buildSettings = {
				ASSETCATALOG_COMPILER_APPICON_NAME = AppIcon;
				ASSETCATALOG_COMPILER_GLOBAL_ACCENT_COLOR_NAME = AccentColor;
				CODE_SIGN_STYLE = Automatic;
				CURRENT_PROJECT_VERSION = 1;
				DEVELOPMENT_TEAM = T3Y57V3BSA;
				ENABLE_USER_SCRIPT_SANDBOXING = NO;
				GENERATE_INFOPLIST_FILE = YES;
				INFOPLIST_FILE = EffectiveMobileTask/Info.plist;
				INFOPLIST_KEY_UIApplicationSupportsIndirectInputEvents = YES;
				INFOPLIST_KEY_UILaunchStoryboardName = LaunchScreen;
				INFOPLIST_KEY_UISupportedInterfaceOrientations_iPad = "UIInterfaceOrientationPortrait UIInterfaceOrientationPortraitUpsideDown UIInterfaceOrientationLandscapeLeft UIInterfaceOrientationLandscapeRight";
				INFOPLIST_KEY_UISupportedInterfaceOrientations_iPhone = "UIInterfaceOrientationPortrait UIInterfaceOrientationLandscapeLeft UIInterfaceOrientationLandscapeRight";
				LD_RUNPATH_SEARCH_PATHS = (
					"$(inherited)",
					"@executable_path/Frameworks",
				);
				MARKETING_VERSION = 1.0;
				PRODUCT_BUNDLE_IDENTIFIER = com.grad0ff.Developer.EffectiveMobileTask;
				PRODUCT_NAME = "$(TARGET_NAME)";
				SWIFT_EMIT_LOC_STRINGS = YES;
				SWIFT_VERSION = 5.0;
				TARGETED_DEVICE_FAMILY = "1,2";
			};
			name = Debug;
		};
		374AF5322D4328EC00A55FFE /* Release */ = {
			isa = XCBuildConfiguration;
			baseConfigurationReference = 4DDAF3F736A16CF2F7C69A5E /* Pods-EffectiveMobileTask.release.xcconfig */;
			buildSettings = {
				ASSETCATALOG_COMPILER_APPICON_NAME = AppIcon;
				ASSETCATALOG_COMPILER_GLOBAL_ACCENT_COLOR_NAME = AccentColor;
				CODE_SIGN_STYLE = Automatic;
				CURRENT_PROJECT_VERSION = 1;
				DEVELOPMENT_TEAM = T3Y57V3BSA;
				ENABLE_USER_SCRIPT_SANDBOXING = NO;
				GENERATE_INFOPLIST_FILE = YES;
				INFOPLIST_FILE = EffectiveMobileTask/Info.plist;
				INFOPLIST_KEY_UIApplicationSupportsIndirectInputEvents = YES;
				INFOPLIST_KEY_UILaunchStoryboardName = LaunchScreen;
				INFOPLIST_KEY_UISupportedInterfaceOrientations_iPad = "UIInterfaceOrientationPortrait UIInterfaceOrientationPortraitUpsideDown UIInterfaceOrientationLandscapeLeft UIInterfaceOrientationLandscapeRight";
				INFOPLIST_KEY_UISupportedInterfaceOrientations_iPhone = "UIInterfaceOrientationPortrait UIInterfaceOrientationLandscapeLeft UIInterfaceOrientationLandscapeRight";
				LD_RUNPATH_SEARCH_PATHS = (
					"$(inherited)",
					"@executable_path/Frameworks",
				);
				MARKETING_VERSION = 1.0;
				PRODUCT_BUNDLE_IDENTIFIER = com.grad0ff.Developer.EffectiveMobileTask;
				PRODUCT_NAME = "$(TARGET_NAME)";
				SWIFT_EMIT_LOC_STRINGS = YES;
				SWIFT_VERSION = 5.0;
				TARGETED_DEVICE_FAMILY = "1,2";
			};
			name = Release;
		};
		374AF5332D4328EC00A55FFE /* Debug */ = {
			isa = XCBuildConfiguration;
			buildSettings = {
				ALWAYS_SEARCH_USER_PATHS = NO;
				ASSETCATALOG_COMPILER_GENERATE_SWIFT_ASSET_SYMBOL_EXTENSIONS = YES;
				CLANG_ANALYZER_NONNULL = YES;
				CLANG_ANALYZER_NUMBER_OBJECT_CONVERSION = YES_AGGRESSIVE;
				CLANG_CXX_LANGUAGE_STANDARD = "gnu++20";
				CLANG_ENABLE_MODULES = YES;
				CLANG_ENABLE_OBJC_ARC = YES;
				CLANG_ENABLE_OBJC_WEAK = YES;
				CLANG_WARN_BLOCK_CAPTURE_AUTORELEASING = YES;
				CLANG_WARN_BOOL_CONVERSION = YES;
				CLANG_WARN_COMMA = YES;
				CLANG_WARN_CONSTANT_CONVERSION = YES;
				CLANG_WARN_DEPRECATED_OBJC_IMPLEMENTATIONS = YES;
				CLANG_WARN_DIRECT_OBJC_ISA_USAGE = YES_ERROR;
				CLANG_WARN_DOCUMENTATION_COMMENTS = YES;
				CLANG_WARN_EMPTY_BODY = YES;
				CLANG_WARN_ENUM_CONVERSION = YES;
				CLANG_WARN_INFINITE_RECURSION = YES;
				CLANG_WARN_INT_CONVERSION = YES;
				CLANG_WARN_NON_LITERAL_NULL_CONVERSION = YES;
				CLANG_WARN_OBJC_IMPLICIT_RETAIN_SELF = YES;
				CLANG_WARN_OBJC_LITERAL_CONVERSION = YES;
				CLANG_WARN_OBJC_ROOT_CLASS = YES_ERROR;
				CLANG_WARN_QUOTED_INCLUDE_IN_FRAMEWORK_HEADER = YES;
				CLANG_WARN_RANGE_LOOP_ANALYSIS = YES;
				CLANG_WARN_STRICT_PROTOTYPES = YES;
				CLANG_WARN_SUSPICIOUS_MOVE = YES;
				CLANG_WARN_UNGUARDED_AVAILABILITY = YES_AGGRESSIVE;
				CLANG_WARN_UNREACHABLE_CODE = YES;
				CLANG_WARN__DUPLICATE_METHOD_MATCH = YES;
				COPY_PHASE_STRIP = NO;
				DEBUG_INFORMATION_FORMAT = dwarf;
				ENABLE_STRICT_OBJC_MSGSEND = YES;
				ENABLE_TESTABILITY = YES;
				ENABLE_USER_SCRIPT_SANDBOXING = YES;
				GCC_C_LANGUAGE_STANDARD = gnu17;
				GCC_DYNAMIC_NO_PIC = NO;
				GCC_NO_COMMON_BLOCKS = YES;
				GCC_OPTIMIZATION_LEVEL = 0;
				GCC_PREPROCESSOR_DEFINITIONS = (
					"DEBUG=1",
					"$(inherited)",
				);
				GCC_WARN_64_TO_32_BIT_CONVERSION = YES;
				GCC_WARN_ABOUT_RETURN_TYPE = YES_ERROR;
				GCC_WARN_UNDECLARED_SELECTOR = YES;
				GCC_WARN_UNINITIALIZED_AUTOS = YES_AGGRESSIVE;
				GCC_WARN_UNUSED_FUNCTION = YES;
				GCC_WARN_UNUSED_VARIABLE = YES;
				IPHONEOS_DEPLOYMENT_TARGET = 18.2;
				LOCALIZATION_PREFERS_STRING_CATALOGS = YES;
				MTL_ENABLE_DEBUG_INFO = INCLUDE_SOURCE;
				MTL_FAST_MATH = YES;
				ONLY_ACTIVE_ARCH = YES;
				SDKROOT = iphoneos;
				SWIFT_ACTIVE_COMPILATION_CONDITIONS = "DEBUG $(inherited)";
				SWIFT_OPTIMIZATION_LEVEL = "-Onone";
			};
			name = Debug;
		};
		374AF5342D4328EC00A55FFE /* Release */ = {
			isa = XCBuildConfiguration;
			buildSettings = {
				ALWAYS_SEARCH_USER_PATHS = NO;
				ASSETCATALOG_COMPILER_GENERATE_SWIFT_ASSET_SYMBOL_EXTENSIONS = YES;
				CLANG_ANALYZER_NONNULL = YES;
				CLANG_ANALYZER_NUMBER_OBJECT_CONVERSION = YES_AGGRESSIVE;
				CLANG_CXX_LANGUAGE_STANDARD = "gnu++20";
				CLANG_ENABLE_MODULES = YES;
				CLANG_ENABLE_OBJC_ARC = YES;
				CLANG_ENABLE_OBJC_WEAK = YES;
				CLANG_WARN_BLOCK_CAPTURE_AUTORELEASING = YES;
				CLANG_WARN_BOOL_CONVERSION = YES;
				CLANG_WARN_COMMA = YES;
				CLANG_WARN_CONSTANT_CONVERSION = YES;
				CLANG_WARN_DEPRECATED_OBJC_IMPLEMENTATIONS = YES;
				CLANG_WARN_DIRECT_OBJC_ISA_USAGE = YES_ERROR;
				CLANG_WARN_DOCUMENTATION_COMMENTS = YES;
				CLANG_WARN_EMPTY_BODY = YES;
				CLANG_WARN_ENUM_CONVERSION = YES;
				CLANG_WARN_INFINITE_RECURSION = YES;
				CLANG_WARN_INT_CONVERSION = YES;
				CLANG_WARN_NON_LITERAL_NULL_CONVERSION = YES;
				CLANG_WARN_OBJC_IMPLICIT_RETAIN_SELF = YES;
				CLANG_WARN_OBJC_LITERAL_CONVERSION = YES;
				CLANG_WARN_OBJC_ROOT_CLASS = YES_ERROR;
				CLANG_WARN_QUOTED_INCLUDE_IN_FRAMEWORK_HEADER = YES;
				CLANG_WARN_RANGE_LOOP_ANALYSIS = YES;
				CLANG_WARN_STRICT_PROTOTYPES = YES;
				CLANG_WARN_SUSPICIOUS_MOVE = YES;
				CLANG_WARN_UNGUARDED_AVAILABILITY = YES_AGGRESSIVE;
				CLANG_WARN_UNREACHABLE_CODE = YES;
				CLANG_WARN__DUPLICATE_METHOD_MATCH = YES;
				COPY_PHASE_STRIP = NO;
				DEBUG_INFORMATION_FORMAT = "dwarf-with-dsym";
				ENABLE_NS_ASSERTIONS = NO;
				ENABLE_STRICT_OBJC_MSGSEND = YES;
				ENABLE_USER_SCRIPT_SANDBOXING = YES;
				GCC_C_LANGUAGE_STANDARD = gnu17;
				GCC_NO_COMMON_BLOCKS = YES;
				GCC_WARN_64_TO_32_BIT_CONVERSION = YES;
				GCC_WARN_ABOUT_RETURN_TYPE = YES_ERROR;
				GCC_WARN_UNDECLARED_SELECTOR = YES;
				GCC_WARN_UNINITIALIZED_AUTOS = YES_AGGRESSIVE;
				GCC_WARN_UNUSED_FUNCTION = YES;
				GCC_WARN_UNUSED_VARIABLE = YES;
				IPHONEOS_DEPLOYMENT_TARGET = 18.2;
				LOCALIZATION_PREFERS_STRING_CATALOGS = YES;
				MTL_ENABLE_DEBUG_INFO = NO;
				MTL_FAST_MATH = YES;
				SDKROOT = iphoneos;
				SWIFT_COMPILATION_MODE = wholemodule;
				VALIDATE_PRODUCT = YES;
			};
			name = Release;
		};
		374AF5362D4328EC00A55FFE /* Debug */ = {
			isa = XCBuildConfiguration;
			baseConfigurationReference = 42E23B078AE44FF0277C6A59 /* Pods-EffectiveMobileTaskTests.debug.xcconfig */;
			buildSettings = {
				BUNDLE_LOADER = "$(TEST_HOST)";
				CODE_SIGN_STYLE = Automatic;
				CURRENT_PROJECT_VERSION = 1;
				DEVELOPMENT_TEAM = T3Y57V3BSA;
				GENERATE_INFOPLIST_FILE = YES;
				IPHONEOS_DEPLOYMENT_TARGET = 18.2;
				MARKETING_VERSION = 1.0;
				PRODUCT_BUNDLE_IDENTIFIER = com.grad0ff.Developer.EffectiveMobileTaskTests;
				PRODUCT_NAME = "$(TARGET_NAME)";
				SWIFT_EMIT_LOC_STRINGS = NO;
				SWIFT_VERSION = 5.0;
				TARGETED_DEVICE_FAMILY = "1,2";
				TEST_HOST = "$(BUILT_PRODUCTS_DIR)/EffectiveMobileTask.app/$(BUNDLE_EXECUTABLE_FOLDER_PATH)/EffectiveMobileTask";
			};
			name = Debug;
		};
		374AF5372D4328EC00A55FFE /* Release */ = {
			isa = XCBuildConfiguration;
			baseConfigurationReference = 0DABAE4FA14C07A8BE1AF4AC /* Pods-EffectiveMobileTaskTests.release.xcconfig */;
			buildSettings = {
				BUNDLE_LOADER = "$(TEST_HOST)";
				CODE_SIGN_STYLE = Automatic;
				CURRENT_PROJECT_VERSION = 1;
				DEVELOPMENT_TEAM = T3Y57V3BSA;
				GENERATE_INFOPLIST_FILE = YES;
				IPHONEOS_DEPLOYMENT_TARGET = 18.2;
				MARKETING_VERSION = 1.0;
				PRODUCT_BUNDLE_IDENTIFIER = com.grad0ff.Developer.EffectiveMobileTaskTests;
				PRODUCT_NAME = "$(TARGET_NAME)";
				SWIFT_EMIT_LOC_STRINGS = NO;
				SWIFT_VERSION = 5.0;
				TARGETED_DEVICE_FAMILY = "1,2";
				TEST_HOST = "$(BUILT_PRODUCTS_DIR)/EffectiveMobileTask.app/$(BUNDLE_EXECUTABLE_FOLDER_PATH)/EffectiveMobileTask";
			};
			name = Release;
		};
/* End XCBuildConfiguration section */

/* Begin XCConfigurationList section */
		374AF4FF2D4328EB00A55FFE /* Build configuration list for PBXProject "EffectiveMobileTask" */ = {
			isa = XCConfigurationList;
			buildConfigurations = (
				374AF5332D4328EC00A55FFE /* Debug */,
				374AF5342D4328EC00A55FFE /* Release */,
			);
			defaultConfigurationIsVisible = 0;
			defaultConfigurationName = Release;
		};
		374AF5302D4328EC00A55FFE /* Build configuration list for PBXNativeTarget "EffectiveMobileTask" */ = {
			isa = XCConfigurationList;
			buildConfigurations = (
				374AF5312D4328EC00A55FFE /* Debug */,
				374AF5322D4328EC00A55FFE /* Release */,
			);
			defaultConfigurationIsVisible = 0;
			defaultConfigurationName = Release;
		};
		374AF5352D4328EC00A55FFE /* Build configuration list for PBXNativeTarget "EffectiveMobileTaskTests" */ = {
			isa = XCConfigurationList;
			buildConfigurations = (
				374AF5362D4328EC00A55FFE /* Debug */,
				374AF5372D4328EC00A55FFE /* Release */,
			);
			defaultConfigurationIsVisible = 0;
			defaultConfigurationName = Release;
		};
/* End XCConfigurationList section */
	};
	rootObject = 374AF4FC2D4328EB00A55FFE /* Project object */;
}
